{
  "meteor": {},
  "dependencies": {
    "basePackages": {
      "angularjs": {},
      "flame-on-ui": {}
    },
    "packages": {
      "angularjs": {
        "git": "https://github.com/lvbreda/Meteor_angularjs.git",
        "tag": "v2.0.0",
        "commit": "1eda2bd416c671b9965d20f3c5e40c5a5ba11364"
      },
      "flame-on-ui": {
        "git": "https://github.com/kievechua/flame-on-ui.git",
        "tag": "v0.1.3",
        "commit": "ea179b657c4e7c9061d8f952f508f7022c032354"
      },
      "flame-on": {
        "git": "https://github.com/kievechua/flame-on.git",
        "tag": "v0.2.0",
        "commit": "c2b0d0503ac9522026e235e289d0b71c643b677b"
      }
    }
  }
}
